{
  "name": "pawa-router-dom",
  "version": "1.0.0",
  "lockfileVersion": 3,
  "requires": true,
  "packages": {
    "": {
      "name": "pawa-router-dom",
      "version": "1.0.0",
      "license": "ISC",
      "peerDependencies": {
        "pawajs": "^1.0.4"
      }
    },
    "node_modules/pawajs": {
      "version": "1.0.4",
      "resolved": "https://registry.npmjs.org/pawajs/-/pawajs-1.0.4.tgz",
      "integrity": "sha512-1H2MfEk1H/nETsF6MrGz+lpFc82lFF16E5P1CC1cin8XTYNeyJD1DQjlk3wDHWyCT0OAaTFg9gdnBOvT/p3xFg==",
      "license": "ISC",
      "peer": true
    }
  }
}
